// !$*UTF8*$!
{
	archiveVersion = 1;
	classes = {
	};
	objectVersion = 55;
	objects = {

/* Begin PBXBuildFile section */
		DDC4EA57288F1D6D0015B98F /* AppDelegate.swift in Sources */ = {isa = PBXBuildFile; fileRef = DDC4EA56288F1D6D0015B98F /* AppDelegate.swift */; };
		DDC4EA59288F1D6D0015B98F /* SceneDelegate.swift in Sources */ = {isa = PBXBuildFile; fileRef = DDC4EA58288F1D6D0015B98F /* SceneDelegate.swift */; };
		DDC4EA5B288F1D6D0015B98F /* StormViewerTableViewController.swift in Sources */ = {isa = PBXBuildFile; fileRef = DDC4EA5A288F1D6D0015B98F /* StormViewerTableViewController.swift */; };
		DDC4EA5E288F1D6D0015B98F /* Main.storyboard in Resources */ = {isa = PBXBuildFile; fileRef = DDC4EA5C288F1D6D0015B98F /* Main.storyboard */; };
		DDC4EA60288F1D710015B98F /* Assets.xcassets in Resources */ = {isa = PBXBuildFile; fileRef = DDC4EA5F288F1D710015B98F /* Assets.xcassets */; };
		DDC4EA63288F1D710015B98F /* LaunchScreen.storyboard in Resources */ = {isa = PBXBuildFile; fileRef = DDC4EA61288F1D710015B98F /* LaunchScreen.storyboard */; };
		DDC4EA78288F219F0015B98F /* nssl0049.jpg in Resources */ = {isa = PBXBuildFile; fileRef = DDC4EA6E288F219F0015B98F /* nssl0049.jpg */; };
		DDC4EA79288F219F0015B98F /* nssl0046.jpg in Resources */ = {isa = PBXBuildFile; fileRef = DDC4EA6F288F219F0015B98F /* nssl0046.jpg */; };
		DDC4EA7A288F219F0015B98F /* nssl0091.jpg in Resources */ = {isa = PBXBuildFile; fileRef = DDC4EA70288F219F0015B98F /* nssl0091.jpg */; };
		DDC4EA7B288F219F0015B98F /* nssl0045.jpg in Resources */ = {isa = PBXBuildFile; fileRef = DDC4EA71288F219F0015B98F /* nssl0045.jpg */; };
		DDC4EA7C288F219F0015B98F /* nssl0051.jpg in Resources */ = {isa = PBXBuildFile; fileRef = DDC4EA72288F219F0015B98F /* nssl0051.jpg */; };
		DDC4EA7D288F219F0015B98F /* nssl0041.jpg in Resources */ = {isa = PBXBuildFile; fileRef = DDC4EA73288F219F0015B98F /* nssl0041.jpg */; };
		DDC4EA7E288F219F0015B98F /* nssl0042.jpg in Resources */ = {isa = PBXBuildFile; fileRef = DDC4EA74288F219F0015B98F /* nssl0042.jpg */; };
		DDC4EA7F288F219F0015B98F /* nssl0043.jpg in Resources */ = {isa = PBXBuildFile; fileRef = DDC4EA75288F219F0015B98F /* nssl0043.jpg */; };
		DDC4EA80288F219F0015B98F /* nssl0033.jpg in Resources */ = {isa = PBXBuildFile; fileRef = DDC4EA76288F219F0015B98F /* nssl0033.jpg */; };
		DDC4EA81288F219F0015B98F /* nssl0034.jpg in Resources */ = {isa = PBXBuildFile; fileRef = DDC4EA77288F219F0015B98F /* nssl0034.jpg */; };
		DDCA4D312892F3DA001CD04E /* DetailViewController.swift in Sources */ = {isa = PBXBuildFile; fileRef = DDCA4D302892F3DA001CD04E /* DetailViewController.swift */; };
/* End PBXBuildFile section */

/* Begin PBXFileReference section */
		DDC4EA53288F1D6D0015B98F /* StormViewer.app */ = {isa = PBXFileReference; explicitFileType = wrapper.application; includeInIndex = 0; path = StormViewer.app; sourceTree = BUILT_PRODUCTS_DIR; };
		DDC4EA56288F1D6D0015B98F /* AppDelegate.swift */ = {isa = PBXFileReference; lastKnownFileType = sourcecode.swift; path = AppDelegate.swift; sourceTree = "<group>"; };
		DDC4EA58288F1D6D0015B98F /* SceneDelegate.swift */ = {isa = PBXFileReference; lastKnownFileType = sourcecode.swift; path = SceneDelegate.swift; sourceTree = "<group>"; };
		DDC4EA5A288F1D6D0015B98F /* StormViewerTableViewController.swift */ = {isa = PBXFileReference; lastKnownFileType = sourcecode.swift; path = StormViewerTableViewController.swift; sourceTree = "<group>"; };
		DDC4EA5D288F1D6D0015B98F /* Base */ = {isa = PBXFileReference; lastKnownFileType = file.storyboard; name = Base; path = Base.lproj/Main.storyboard; sourceTree = "<group>"; };
		DDC4EA5F288F1D710015B98F /* Assets.xcassets */ = {isa = PBXFileReference; lastKnownFileType = folder.assetcatalog; path = Assets.xcassets; sourceTree = "<group>"; };
		DDC4EA62288F1D710015B98F /* Base */ = {isa = PBXFileReference; lastKnownFileType = file.storyboard; name = Base; path = Base.lproj/LaunchScreen.storyboard; sourceTree = "<group>"; };
		DDC4EA64288F1D710015B98F /* Info.plist */ = {isa = PBXFileReference; lastKnownFileType = text.plist.xml; path = Info.plist; sourceTree = "<group>"; };
		DDC4EA6E288F219F0015B98F /* nssl0049.jpg */ = {isa = PBXFileReference; lastKnownFileType = image.jpeg; path = nssl0049.jpg; sourceTree = "<group>"; };
		DDC4EA6F288F219F0015B98F /* nssl0046.jpg */ = {isa = PBXFileReference; lastKnownFileType = image.jpeg; path = nssl0046.jpg; sourceTree = "<group>"; };
		DDC4EA70288F219F0015B98F /* nssl0091.jpg */ = {isa = PBXFileReference; lastKnownFileType = image.jpeg; path = nssl0091.jpg; sourceTree = "<group>"; };
		DDC4EA71288F219F0015B98F /* nssl0045.jpg */ = {isa = PBXFileReference; lastKnownFileType = image.jpeg; path = nssl0045.jpg; sourceTree = "<group>"; };
		DDC4EA72288F219F0015B98F /* nssl0051.jpg */ = {isa = PBXFileReference; lastKnownFileType = image.jpeg; path = nssl0051.jpg; sourceTree = "<group>"; };
		DDC4EA73288F219F0015B98F /* nssl0041.jpg */ = {isa = PBXFileReference; lastKnownFileType = image.jpeg; path = nssl0041.jpg; sourceTree = "<group>"; };
		DDC4EA74288F219F0015B98F /* nssl0042.jpg */ = {isa = PBXFileReference; lastKnownFileType = image.jpeg; path = nssl0042.jpg; sourceTree = "<group>"; };
		DDC4EA75288F219F0015B98F /* nssl0043.jpg */ = {isa = PBXFileReference; lastKnownFileType = image.jpeg; path = nssl0043.jpg; sourceTree = "<group>"; };
		DDC4EA76288F219F0015B98F /* nssl0033.jpg */ = {isa = PBXFileReference; lastKnownFileType = image.jpeg; path = nssl0033.jpg; sourceTree = "<group>"; };
		DDC4EA77288F219F0015B98F /* nssl0034.jpg */ = {isa = PBXFileReference; lastKnownFileType = image.jpeg; path = nssl0034.jpg; sourceTree = "<group>"; };
		DDCA4D302892F3DA001CD04E /* DetailViewController.swift */ = {isa = PBXFileReference; lastKnownFileType = sourcecode.swift; path = DetailViewController.swift; sourceTree = "<group>"; };
/* End PBXFileReference section */

/* Begin PBXFrameworksBuildPhase section */
		DDC4EA50288F1D6C0015B98F /* Frameworks */ = {
			isa = PBXFrameworksBuildPhase;
			buildActionMask = 2147483647;
			files = (
			);
			runOnlyForDeploymentPostprocessing = 0;
		};
/* End PBXFrameworksBuildPhase section */

/* Begin PBXGroup section */
		DDC4EA4A288F1D6C0015B98F = {
			isa = PBXGroup;
			children = (
				DDC4EA55288F1D6D0015B98F /* StormViewer */,
				DDC4EA54288F1D6D0015B98F /* Products */,
			);
			sourceTree = "<group>";
		};
		DDC4EA54288F1D6D0015B98F /* Products */ = {
			isa = PBXGroup;
			children = (
				DDC4EA53288F1D6D0015B98F /* StormViewer.app */,
			);
			name = Products;
			sourceTree = "<group>";
		};
		DDC4EA55288F1D6D0015B98F /* StormViewer */ = {
			isa = PBXGroup;
			children = (
				DDC4EA5A288F1D6D0015B98F /* StormViewerTableViewController.swift */,
				DDCA4D302892F3DA001CD04E /* DetailViewController.swift */,
				DDC4EA5C288F1D6D0015B98F /* Main.storyboard */,
				DDC4EA5F288F1D710015B98F /* Assets.xcassets */,
				DDC4EA6A288F1E1B0015B98F /* Supporting Files */,
				DDC4EA6D288F219F0015B98F /* Content */,
				DDC4EA64288F1D710015B98F /* Info.plist */,
			);
			path = StormViewer;
			sourceTree = "<group>";
		};
		DDC4EA6A288F1E1B0015B98F /* Supporting Files */ = {
			isa = PBXGroup;
			children = (
				DDC4EA56288F1D6D0015B98F /* AppDelegate.swift */,
				DDC4EA58288F1D6D0015B98F /* SceneDelegate.swift */,
				DDC4EA61288F1D710015B98F /* LaunchScreen.storyboard */,
			);
			path = "Supporting Files";
			sourceTree = "<group>";
		};
		DDC4EA6D288F219F0015B98F /* Content */ = {
			isa = PBXGroup;
			children = (
				DDC4EA6E288F219F0015B98F /* nssl0049.jpg */,
				DDC4EA6F288F219F0015B98F /* nssl0046.jpg */,
				DDC4EA70288F219F0015B98F /* nssl0091.jpg */,
				DDC4EA71288F219F0015B98F /* nssl0045.jpg */,
				DDC4EA72288F219F0015B98F /* nssl0051.jpg */,
				DDC4EA73288F219F0015B98F /* nssl0041.jpg */,
				DDC4EA74288F219F0015B98F /* nssl0042.jpg */,
				DDC4EA75288F219F0015B98F /* nssl0043.jpg */,
				DDC4EA76288F219F0015B98F /* nssl0033.jpg */,
				DDC4EA77288F219F0015B98F /* nssl0034.jpg */,
			);
			path = Content;
			sourceTree = "<group>";
		};
/* End PBXGroup section */

/* Begin PBXNativeTarget section */
		DDC4EA52288F1D6C0015B98F /* StormViewer */ = {
			isa = PBXNativeTarget;
			buildConfigurationList = DDC4EA67288F1D710015B98F /* Build configuration list for PBXNativeTarget "StormViewer" */;
			buildPhases = (
				DDC4EA4F288F1D6C0015B98F /* Sources */,
				DDC4EA50288F1D6C0015B98F /* Frameworks */,
				DDC4EA51288F1D6C0015B98F /* Resources */,
			);
			buildRules = (
			);
			dependencies = (
			);
			name = StormViewer;
			productName = StormViewer;
			productReference = DDC4EA53288F1D6D0015B98F /* StormViewer.app */;
			productType = "com.apple.product-type.application";
		};
/* End PBXNativeTarget section */

/* Begin PBXProject section */
		DDC4EA4B288F1D6C0015B98F /* Project object */ = {
			isa = PBXProject;
			attributes = {
				BuildIndependentTargetsInParallel = 1;
				LastSwiftUpdateCheck = 1340;
				LastUpgradeCheck = 1340;
				TargetAttributes = {
					DDC4EA52288F1D6C0015B98F = {
						CreatedOnToolsVersion = 13.4.1;
					};
				};
			};
			buildConfigurationList = DDC4EA4E288F1D6C0015B98F /* Build configuration list for PBXProject "StormViewer" */;
			compatibilityVersion = "Xcode 13.0";
			developmentRegion = en;
			hasScannedForEncodings = 0;
			knownRegions = (
				en,
				Base,
			);
			mainGroup = DDC4EA4A288F1D6C0015B98F;
			productRefGroup = DDC4EA54288F1D6D0015B98F /* Products */;
			projectDirPath = "";
			projectRoot = "";
			targets = (
				DDC4EA52288F1D6C0015B98F /* StormViewer */,
			);
		};
/* End PBXProject section */

/* Begin PBXResourcesBuildPhase section */
		DDC4EA51288F1D6C0015B98F /* Resources */ = {
			isa = PBXResourcesBuildPhase;
			buildActionMask = 2147483647;
			files = (
				DDC4EA79288F219F0015B98F /* nssl0046.jpg in Resources */,
				DDC4EA80288F219F0015B98F /* nssl0033.jpg in Resources */,
				DDC4EA7C288F219F0015B98F /* nssl0051.jpg in Resources */,
				DDC4EA7A288F219F0015B98F /* nssl0091.jpg in Resources */,
				DDC4EA7F288F219F0015B98F /* nssl0043.jpg in Resources */,
				DDC4EA81288F219F0015B98F /* nssl0034.jpg in Resources */,
				DDC4EA78288F219F0015B98F /* nssl0049.jpg in Resources */,
				DDC4EA7D288F219F0015B98F /* nssl0041.jpg in Resources */,
				DDC4EA7E288F219F0015B98F /* nssl0042.jpg in Resources */,
				DDC4EA63288F1D710015B98F /* LaunchScreen.storyboard in Resources */,
				DDC4EA60288F1D710015B98F /* Assets.xcassets in Resources */,
				DDC4EA7B288F219F0015B98F /* nssl0045.jpg in Resources */,
				DDC4EA5E288F1D6D0015B98F /* Main.storyboard in Resources */,
			);
			runOnlyForDeploymentPostprocessing = 0;
		};
/* End PBXResourcesBuildPhase section */

/* Begin PBXSourcesBuildPhase section */
		DDC4EA4F288F1D6C0015B98F /* Sources */ = {
			isa = PBXSourcesBuildPhase;
			buildActionMask = 2147483647;
			files = (
				DDC4EA5B288F1D6D0015B98F /* StormViewerTableViewController.swift in Sources */,
				DDC4EA57288F1D6D0015B98F /* AppDelegate.swift in Sources */,
				DDC4EA59288F1D6D0015B98F /* SceneDelegate.swift in Sources */,
				DDCA4D312892F3DA001CD04E /* DetailViewController.swift in Sources */,
			);
			runOnlyForDeploymentPostprocessing = 0;
		};
/* End PBXSourcesBuildPhase section */

/* Begin PBXVariantGroup section */
		DDC4EA5C288F1D6D0015B98F /* Main.storyboard */ = {
			isa = PBXVariantGroup;
			children = (
				DDC4EA5D288F1D6D0015B98F /* Base */,
			);
			name = Main.storyboard;
			sourceTree = "<group>";
		};
		DDC4EA61288F1D710015B98F /* LaunchScreen.storyboard */ = {
			isa = PBXVariantGroup;
			children = (
				DDC4EA62288F1D710015B98F /* Base */,
			);
			name = LaunchScreen.storyboard;
			sourceTree = "<group>";
		};
/* End PBXVariantGroup section */

/* Begin XCBuildConfiguration section */
		DDC4EA65288F1D710015B98F /* Debug */ = {
			isa = XCBuildConfiguration;
			buildSettings = {
				ALWAYS_SEARCH_USER_PATHS = NO;
				CLANG_ANALYZER_NONNULL = YES;
				CLANG_ANALYZER_NUMBER_OBJECT_CONVERSION = YES_AGGRESSIVE;
				CLANG_CXX_LANGUAGE_STANDARD = "gnu++17";
				CLANG_ENABLE_MODULES = YES;
				CLANG_ENABLE_OBJC_ARC = YES;
				CLANG_ENABLE_OBJC_WEAK = YES;
				CLANG_WARN_BLOCK_CAPTURE_AUTORELEASING = YES;
				CLANG_WARN_BOOL_CONVERSION = YES;
				CLANG_WARN_COMMA = YES;
				CLANG_WARN_CONSTANT_CONVERSION = YES;
				CLANG_WARN_DEPRECATED_OBJC_IMPLEMENTATIONS = YES;
				CLANG_WARN_DIRECT_OBJC_ISA_USAGE = YES_ERROR;
				CLANG_WARN_DOCUMENTATION_COMMENTS = YES;
				CLANG_WARN_EMPTY_BODY = YES;
				CLANG_WARN_ENUM_CONVERSION = YES;
				CLANG_WARN_INFINITE_RECURSION = YES;
				CLANG_WARN_INT_CONVERSION = YES;
				CLANG_WARN_NON_LITERAL_NULL_CONVERSION = YES;
				CLANG_WARN_OBJC_IMPLICIT_RETAIN_SELF = YES;
				CLANG_WARN_OBJC_LITERAL_CONVERSION = YES;
				CLANG_WARN_OBJC_ROOT_CLASS = YES_ERROR;
				CLANG_WARN_QUOTED_INCLUDE_IN_FRAMEWORK_HEADER = YES;
				CLANG_WARN_RANGE_LOOP_ANALYSIS = YES;
				CLANG_WARN_STRICT_PROTOTYPES = YES;
				CLANG_WARN_SUSPICIOUS_MOVE = YES;
				CLANG_WARN_UNGUARDED_AVAILABILITY = YES_AGGRESSIVE;
				CLANG_WARN_UNREACHABLE_CODE = YES;
				CLANG_WARN__DUPLICATE_METHOD_MATCH = YES;
				COPY_PHASE_STRIP = NO;
				DEBUG_INFORMATION_FORMAT = dwarf;
				ENABLE_STRICT_OBJC_MSGSEND = YES;
				ENABLE_TESTABILITY = YES;
				GCC_C_LANGUAGE_STANDARD = gnu11;
				GCC_DYNAMIC_NO_PIC = NO;
				GCC_NO_COMMON_BLOCKS = YES;
				GCC_OPTIMIZATION_LEVEL = 0;
				GCC_PREPROCESSOR_DEFINITIONS = (
					"DEBUG=1",
					"$(inherited)",
				);
				GCC_WARN_64_TO_32_BIT_CONVERSION = YES;
				GCC_WARN_ABOUT_RETURN_TYPE = YES_ERROR;
				GCC_WARN_UNDECLARED_SELECTOR = YES;
				GCC_WARN_UNINITIALIZED_AUTOS = YES_AGGRESSIVE;
				GCC_WARN_UNUSED_FUNCTION = YES;
				GCC_WARN_UNUSED_VARIABLE = YES;
				IPHONEOS_DEPLOYMENT_TARGET = 15.5;
				MTL_ENABLE_DEBUG_INFO = INCLUDE_SOURCE;
				MTL_FAST_MATH = YES;
				ONLY_ACTIVE_ARCH = YES;
				SDKROOT = iphoneos;
				SWIFT_ACTIVE_COMPILATION_CONDITIONS = DEBUG;
				SWIFT_OPTIMIZATION_LEVEL = "-Onone";
			};
			name = Debug;
		};
		DDC4EA66288F1D710015B98F /* Release */ = {
			isa = XCBuildConfiguration;
			buildSettings = {
				ALWAYS_SEARCH_USER_PATHS = NO;
				CLANG_ANALYZER_NONNULL = YES;
				CLANG_ANALYZER_NUMBER_OBJECT_CONVERSION = YES_AGGRESSIVE;
				CLANG_CXX_LANGUAGE_STANDARD = "gnu++17";
				CLANG_ENABLE_MODULES = YES;
				CLANG_ENABLE_OBJC_ARC = YES;
				CLANG_ENABLE_OBJC_WEAK = YES;
				CLANG_WARN_BLOCK_CAPTURE_AUTORELEASING = YES;
				CLANG_WARN_BOOL_CONVERSION = YES;
				CLANG_WARN_COMMA = YES;
				CLANG_WARN_CONSTANT_CONVERSION = YES;
				CLANG_WARN_DEPRECATED_OBJC_IMPLEMENTATIONS = YES;
				CLANG_WARN_DIRECT_OBJC_ISA_USAGE = YES_ERROR;
				CLANG_WARN_DOCUMENTATION_COMMENTS = YES;
				CLANG_WARN_EMPTY_BODY = YES;
				CLANG_WARN_ENUM_CONVERSION = YES;
				CLANG_WARN_INFINITE_RECURSION = YES;
				CLANG_WARN_INT_CONVERSION = YES;
				CLANG_WARN_NON_LITERAL_NULL_CONVERSION = YES;
				CLANG_WARN_OBJC_IMPLICIT_RETAIN_SELF = YES;
				CLANG_WARN_OBJC_LITERAL_CONVERSION = YES;
				CLANG_WARN_OBJC_ROOT_CLASS = YES_ERROR;
				CLANG_WARN_QUOTED_INCLUDE_IN_FRAMEWORK_HEADER = YES;
				CLANG_WARN_RANGE_LOOP_ANALYSIS = YES;
				CLANG_WARN_STRICT_PROTOTYPES = YES;
				CLANG_WARN_SUSPICIOUS_MOVE = YES;
				CLANG_WARN_UNGUARDED_AVAILABILITY = YES_AGGRESSIVE;
				CLANG_WARN_UNREACHABLE_CODE = YES;
				CLANG_WARN__DUPLICATE_METHOD_MATCH = YES;
				COPY_PHASE_STRIP = NO;
				DEBUG_INFORMATION_FORMAT = "dwarf-with-dsym";
				ENABLE_NS_ASSERTIONS = NO;
				ENABLE_STRICT_OBJC_MSGSEND = YES;
				GCC_C_LANGUAGE_STANDARD = gnu11;
				GCC_NO_COMMON_BLOCKS = YES;
				GCC_WARN_64_TO_32_BIT_CONVERSION = YES;
				GCC_WARN_ABOUT_RETURN_TYPE = YES_ERROR;
				GCC_WARN_UNDECLARED_SELECTOR = YES;
				GCC_WARN_UNINITIALIZED_AUTOS = YES_AGGRESSIVE;
				GCC_WARN_UNUSED_FUNCTION = YES;
				GCC_WARN_UNUSED_VARIABLE = YES;
				IPHONEOS_DEPLOYMENT_TARGET = 15.5;
				MTL_ENABLE_DEBUG_INFO = NO;
				MTL_FAST_MATH = YES;
				SDKROOT = iphoneos;
				SWIFT_COMPILATION_MODE = wholemodule;
				SWIFT_OPTIMIZATION_LEVEL = "-O";
				VALIDATE_PRODUCT = YES;
			};
			name = Release;
		};
		DDC4EA68288F1D710015B98F /* Debug */ = {
			isa = XCBuildConfiguration;
			buildSettings = {
				ASSETCATALOG_COMPILER_APPICON_NAME = AppIcon;
				ASSETCATALOG_COMPILER_GLOBAL_ACCENT_COLOR_NAME = AccentColor;
				CODE_SIGN_STYLE = Automatic;
				CURRENT_PROJECT_VERSION = 1;
				DEVELOPMENT_TEAM = 25PR6Y47QF;
				GENERATE_INFOPLIST_FILE = YES;
				INFOPLIST_FILE = StormViewer/Info.plist;
				INFOPLIST_KEY_UIApplicationSupportsIndirectInputEvents = YES;
				INFOPLIST_KEY_UILaunchStoryboardName = LaunchScreen;
				INFOPLIST_KEY_UIMainStoryboardFile = Main;
				INFOPLIST_KEY_UISupportedInterfaceOrientations_iPad = "UIInterfaceOrientationPortrait UIInterfaceOrientationPortraitUpsideDown UIInterfaceOrientationLandscapeLeft UIInterfaceOrientationLandscapeRight";
				INFOPLIST_KEY_UISupportedInterfaceOrientations_iPhone = "UIInterfaceOrientationPortrait UIInterfaceOrientationLandscapeLeft UIInterfaceOrientationLandscapeRight";
				LD_RUNPATH_SEARCH_PATHS = (
					"$(inherited)",
					"@executable_path/Frameworks",
				);
				MARKETING_VERSION = 1.0;
				PRODUCT_BUNDLE_IDENTIFIER = com.karpiv.StormViewer;
				PRODUCT_NAME = "$(TARGET_NAME)";
				SWIFT_EMIT_LOC_STRINGS = YES;
				SWIFT_VERSION = 5.0;
				TARGETED_DEVICE_FAMILY = "1,2";
			};
			name = Debug;
		};
		DDC4EA69288F1D710015B98F /* Release */ = {
			isa = XCBuildConfiguration;
			buildSettings = {
				ASSETCATALOG_COMPILER_APPICON_NAME = AppIcon;
				ASSETCATALOG_COMPILER_GLOBAL_ACCENT_COLOR_NAME = AccentColor;
				CODE_SIGN_STYLE = Automatic;
				CURRENT_PROJECT_VERSION = 1;
				DEVELOPMENT_TEAM = 25PR6Y47QF;
				GENERATE_INFOPLIST_FILE = YES;
				INFOPLIST_FILE = StormViewer/Info.plist;
				INFOPLIST_KEY_UIApplicationSupportsIndirectInputEvents = YES;
				INFOPLIST_KEY_UILaunchStoryboardName = LaunchScreen;
				INFOPLIST_KEY_UIMainStoryboardFile = Main;
				INFOPLIST_KEY_UISupportedInterfaceOrientations_iPad = "UIInterfaceOrientationPortrait UIInterfaceOrientationPortraitUpsideDown UIInterfaceOrientationLandscapeLeft UIInterfaceOrientationLandscapeRight";
				INFOPLIST_KEY_UISupportedInterfaceOrientations_iPhone = "UIInterfaceOrientationPortrait UIInterfaceOrientationLandscapeLeft UIInterfaceOrientationLandscapeRight";
				LD_RUNPATH_SEARCH_PATHS = (
					"$(inherited)",
					"@executable_path/Frameworks",
				);
				MARKETING_VERSION = 1.0;
				PRODUCT_BUNDLE_IDENTIFIER = com.karpiv.StormViewer;
				PRODUCT_NAME = "$(TARGET_NAME)";
				SWIFT_EMIT_LOC_STRINGS = YES;
				SWIFT_VERSION = 5.0;
				TARGETED_DEVICE_FAMILY = "1,2";
			};
			name = Release;
		};
/* End XCBuildConfiguration section */

/* Begin XCConfigurationList section */
		DDC4EA4E288F1D6C0015B98F /* Build configuration list for PBXProject "StormViewer" */ = {
			isa = XCConfigurationList;
			buildConfigurations = (
				DDC4EA65288F1D710015B98F /* Debug */,
				DDC4EA66288F1D710015B98F /* Release */,
			);
			defaultConfigurationIsVisible = 0;
			defaultConfigurationName = Release;
		};
		DDC4EA67288F1D710015B98F /* Build configuration list for PBXNativeTarget "StormViewer" */ = {
			isa = XCConfigurationList;
			buildConfigurations = (
				DDC4EA68288F1D710015B98F /* Debug */,
				DDC4EA69288F1D710015B98F /* Release */,
			);
			defaultConfigurationIsVisible = 0;
			defaultConfigurationName = Release;
		};
/* End XCConfigurationList section */
	};
	rootObject = DDC4EA4B288F1D6C0015B98F /* Project object */;
}
